{
	"name": "ngpng",
	"lockfileVersion": 2,
	"requires": true,
	"packages": {
		"": {
			"dependencies": {
				"crc-32": "^1.2.2",
				"fetchcrunch": "^1.0.0-beta.7"
			},
			"devDependencies": {
				"@types/node": "^18.6.1"
			}
		},
		"node_modules/@types/node": {
			"version": "18.6.1",
			"resolved": "https://registry.npmjs.org/@types/node/-/node-18.6.1.tgz",
			"integrity": "sha512-z+2vB6yDt1fNwKOeGbckpmirO+VBDuQqecXkgeIqDlaOtmKn6hPR/viQ8cxCfqLU4fTlvM3+YjM367TukWdxpg==",
			"dev": true
		},
		"node_modules/crc-32": {
			"version": "1.2.2",
			"resolved": "https://registry.npmjs.org/crc-32/-/crc-32-1.2.2.tgz",
			"integrity": "sha512-ROmzCKrTnOwybPcJApAA6WBWij23HVfGVNKqqrZpuyZOHqK2CwHSvpGuyt/UNNvaIjEd8X5IFGp4Mh+Ie1IHJQ==",
			"bin": {
				"crc32": "bin/crc32.njs"
			},
			"engines": {
				"node": ">=0.8"
			}
		},
		"node_modules/entities": {
			"version": "4.3.1",
			"resolved": "https://registry.npmjs.org/entities/-/entities-4.3.1.tgz",
			"integrity": "sha512-o4q/dYJlmyjP2zfnaWDUC6A3BQFmVTX+tZPezK7k0GLSU9QYCauscf5Y+qcEPzKL+EixVouYDgLQK5H9GrLpkg==",
			"engines": {
				"node": ">=0.12"
			},
			"funding": {
				"url": "https://github.com/fb55/entities?sponsor=1"
			}
		},
		"node_modules/fetchcrunch": {
			"version": "1.0.0-beta.7",
			"resolved": "https://registry.npmjs.org/fetchcrunch/-/fetchcrunch-1.0.0-beta.7.tgz",
			"integrity": "sha512-+JSR1WD8nGXpnzv7qy/e5ixIq8KByJo5oCYH7abu9YczM6K89vEi3XhmlcXZZuMkskdxmNq2u/lZFewpe4j6EA==",
			"dependencies": {
				"parse5": "^7.0.0"
			},
			"bin": {
				"fetchcrunch": "cli.js"
			}
		},
		"node_modules/parse5": {
			"version": "7.0.0",
			"resolved": "https://registry.npmjs.org/parse5/-/parse5-7.0.0.tgz",
			"integrity": "sha512-y/t8IXSPWTuRZqXc0ajH/UwDj4mnqLEbSttNbThcFhGrZuOyoyvNBO85PBp2jQa55wY9d07PBNjsK8ZP3K5U6g==",
			"dependencies": {
				"entities": "^4.3.0"
			},
			"funding": {
				"url": "https://github.com/inikulin/parse5?sponsor=1"
			}
		}
	},
	"dependencies": {
		"@types/node": {
			"version": "18.6.1",
			"resolved": "https://registry.npmjs.org/@types/node/-/node-18.6.1.tgz",
			"integrity": "sha512-z+2vB6yDt1fNwKOeGbckpmirO+VBDuQqecXkgeIqDlaOtmKn6hPR/viQ8cxCfqLU4fTlvM3+YjM367TukWdxpg==",
			"dev": true
		},
		"crc-32": {
			"version": "1.2.2",
			"resolved": "https://registry.npmjs.org/crc-32/-/crc-32-1.2.2.tgz",
			"integrity": "sha512-ROmzCKrTnOwybPcJApAA6WBWij23HVfGVNKqqrZpuyZOHqK2CwHSvpGuyt/UNNvaIjEd8X5IFGp4Mh+Ie1IHJQ=="
		},
		"entities": {
			"version": "4.3.1",
			"resolved": "https://registry.npmjs.org/entities/-/entities-4.3.1.tgz",
			"integrity": "sha512-o4q/dYJlmyjP2zfnaWDUC6A3BQFmVTX+tZPezK7k0GLSU9QYCauscf5Y+qcEPzKL+EixVouYDgLQK5H9GrLpkg=="
		},
		"fetchcrunch": {
			"version": "1.0.0-beta.7",
			"resolved": "https://registry.npmjs.org/fetchcrunch/-/fetchcrunch-1.0.0-beta.7.tgz",
			"integrity": "sha512-+JSR1WD8nGXpnzv7qy/e5ixIq8KByJo5oCYH7abu9YczM6K89vEi3XhmlcXZZuMkskdxmNq2u/lZFewpe4j6EA==",
			"requires": {
				"parse5": "^7.0.0"
			}
		},
		"parse5": {
			"version": "7.0.0",
			"resolved": "https://registry.npmjs.org/parse5/-/parse5-7.0.0.tgz",
			"integrity": "sha512-y/t8IXSPWTuRZqXc0ajH/UwDj4mnqLEbSttNbThcFhGrZuOyoyvNBO85PBp2jQa55wY9d07PBNjsK8ZP3K5U6g==",
			"requires": {
				"entities": "^4.3.0"
			}
		}
	}
}
